{
  "name": "wizard-survivor",
  "lockfileVersion": 3,
  "requires": true,
  "packages": {
    "": {
      "dependencies": {
        "@datastructures-js/deque": "^1.0.4"
      }
    },
    "node_modules/@datastructures-js/deque": {
      "version": "1.0.4",
      "resolved": "https://registry.npmjs.org/@datastructures-js/deque/-/deque-1.0.4.tgz",
      "integrity": "sha512-zlgVSsxqiAd+scLUILvx8E887o+6kYds9/d4DCM/mFOuUITUlPG/r3u5iPZjzW3o6XPPi+p66p3Kf1+wFxYvLQ=="
    }
  }
}
